// !$*UTF8*$!
{
	archiveVersion = 1;
	classes = {
	};
	objectVersion = 77;
	objects = {

/* Begin PBXContainerItemProxy section */
		CF576C102F478E6000BC6F6F /* PBXContainerItemProxy */ = {
			isa = PBXContainerItemProxy;
			containerPortal = CF576BF12F478E5D00BC6F6F /* Project object */;
			proxyType = 1;
			remoteGlobalIDString = CF576BF82F478E5D00BC6F6F;
			remoteInfo = "Weather App UIKit";
		};
		CF576C1A2F478E6000BC6F6F /* PBXContainerItemProxy */ = {
			isa = PBXContainerItemProxy;
			containerPortal = CF576BF12F478E5D00BC6F6F /* Project object */;
			proxyType = 1;
			remoteGlobalIDString = CF576BF82F478E5D00BC6F6F;
			remoteInfo = "Weather App UIKit";
		};
/* End PBXContainerItemProxy section */

/* Begin PBXFileReference section */
		CF576BF92F478E5D00BC6F6F /* Weather App UIKit.app */ = {isa = PBXFileReference; explicitFileType = wrapper.application; includeInIndex = 0; path = "Weather App UIKit.app"; sourceTree = BUILT_PRODUCTS_DIR; };
		CF576C0F2F478E6000BC6F6F /* Weather App UIKitTests.xctest */ = {isa = PBXFileReference; explicitFileType = wrapper.cfbundle; includeInIndex = 0; path = "Weather App UIKitTests.xctest"; sourceTree = BUILT_PRODUCTS_DIR; };
		CF576C192F478E6000BC6F6F /* Weather App UIKitUITests.xctest */ = {isa = PBXFileReference; explicitFileType = wrapper.cfbundle; includeInIndex = 0; path = "Weather App UIKitUITests.xctest"; sourceTree = BUILT_PRODUCTS_DIR; };
/* End PBXFileReference section */

/* Begin PBXFileSystemSynchronizedBuildFileExceptionSet section */
		CF576C212F478E6000BC6F6F /* Exceptions for "Weather App UIKit" folder in "Weather App UIKit" target */ = {
			isa = PBXFileSystemSynchronizedBuildFileExceptionSet;
			membershipExceptions = (
				Info.plist,
			);
			target = CF576BF82F478E5D00BC6F6F /* Weather App UIKit */;
		};
/* End PBXFileSystemSynchronizedBuildFileExceptionSet section */

/* Begin PBXFileSystemSynchronizedRootGroup section */
		CF576BFB2F478E5D00BC6F6F /* Weather App UIKit */ = {
			isa = PBXFileSystemSynchronizedRootGroup;
			exceptions = (
				CF576C212F478E6000BC6F6F /* Exceptions for "Weather App UIKit" folder in "Weather App UIKit" target */,
			);
			path = "Weather App UIKit";
			sourceTree = "<group>";
		};
		CF576C122F478E6000BC6F6F /* Weather App UIKitTests */ = {
			isa = PBXFileSystemSynchronizedRootGroup;
			path = "Weather App UIKitTests";
			sourceTree = "<group>";
		};
		CF576C1C2F478E6000BC6F6F /* Weather App UIKitUITests */ = {
			isa = PBXFileSystemSynchronizedRootGroup;
			path = "Weather App UIKitUITests";
			sourceTree = "<group>";
		};
/* End PBXFileSystemSynchronizedRootGroup section */

/* Begin PBXFrameworksBuildPhase section */
		CF576BF62F478E5D00BC6F6F /* Frameworks */ = {
			isa = PBXFrameworksBuildPhase;
			buildActionMask = 2147483647;
			files = (
			);
			runOnlyForDeploymentPostprocessing = 0;
		};
		CF576C0C2F478E6000BC6F6F /* Frameworks */ = {
			isa = PBXFrameworksBuildPhase;
			buildActionMask = 2147483647;
			files = (
			);
			runOnlyForDeploymentPostprocessing = 0;
		};
		CF576C162F478E6000BC6F6F /* Frameworks */ = {
			isa = PBXFrameworksBuildPhase;
			buildActionMask = 2147483647;
			files = (
			);
			runOnlyForDeploymentPostprocessing = 0;
		};
/* End PBXFrameworksBuildPhase section */

/* Begin PBXGroup section */
		CF576BF02F478E5D00BC6F6F = {
			isa = PBXGroup;
			children = (
				CF576BFB2F478E5D00BC6F6F /* Weather App UIKit */,
				CF576C122F478E6000BC6F6F /* Weather App UIKitTests */,
				CF576C1C2F478E6000BC6F6F /* Weather App UIKitUITests */,
				CF576BFA2F478E5D00BC6F6F /* Products */,
			);
			sourceTree = "<group>";
		};
		CF576BFA2F478E5D00BC6F6F /* Products */ = {
			isa = PBXGroup;
			children = (
				CF576BF92F478E5D00BC6F6F /* Weather App UIKit.app */,
				CF576C0F2F478E6000BC6F6F /* Weather App UIKitTests.xctest */,
				CF576C192F478E6000BC6F6F /* Weather App UIKitUITests.xctest */,
			);
			name = Products;
			sourceTree = "<group>";
		};
/* End PBXGroup section */

/* Begin PBXNativeTarget section */
		CF576BF82F478E5D00BC6F6F /* Weather App UIKit */ = {
			isa = PBXNativeTarget;
			buildConfigurationList = CF576C222F478E6000BC6F6F /* Build configuration list for PBXNativeTarget "Weather App UIKit" */;
			buildPhases = (
				CF576BF52F478E5D00BC6F6F /* Sources */,
				CF576BF62F478E5D00BC6F6F /* Frameworks */,
				CF576BF72F478E5D00BC6F6F /* Resources */,
			);
			buildRules = (
			);
			dependencies = (
			);
			fileSystemSynchronizedGroups = (
				CF576BFB2F478E5D00BC6F6F /* Weather App UIKit */,
			);
			name = "Weather App UIKit";
			packageProductDependencies = (
			);
			productName = "Weather App UIKit";
			productReference = CF576BF92F478E5D00BC6F6F /* Weather App UIKit.app */;
			productType = "com.apple.product-type.application";
		};
		CF576C0E2F478E6000BC6F6F /* Weather App UIKitTests */ = {
			isa = PBXNativeTarget;
			buildConfigurationList = CF576C272F478E6000BC6F6F /* Build configuration list for PBXNativeTarget "Weather App UIKitTests" */;
			buildPhases = (
				CF576C0B2F478E6000BC6F6F /* Sources */,
				CF576C0C2F478E6000BC6F6F /* Frameworks */,
				CF576C0D2F478E6000BC6F6F /* Resources */,
			);
			buildRules = (
			);
			dependencies = (
				CF576C112F478E6000BC6F6F /* PBXTargetDependency */,
			);
			fileSystemSynchronizedGroups = (
				CF576C122F478E6000BC6F6F /* Weather App UIKitTests */,
			);
			name = "Weather App UIKitTests";
			packageProductDependencies = (
			);
			productName = "Weather App UIKitTests";
			productReference = CF576C0F2F478E6000BC6F6F /* Weather App UIKitTests.xctest */;
			productType = "com.apple.product-type.bundle.unit-test";
		};
		CF576C182F478E6000BC6F6F /* Weather App UIKitUITests */ = {
			isa = PBXNativeTarget;
			buildConfigurationList = CF576C2A2F478E6000BC6F6F /* Build configuration list for PBXNativeTarget "Weather App UIKitUITests" */;
			buildPhases = (
				CF576C152F478E6000BC6F6F /* Sources */,
				CF576C162F478E6000BC6F6F /* Frameworks */,
				CF576C172F478E6000BC6F6F /* Resources */,
			);
			buildRules = (
			);
			dependencies = (
				CF576C1B2F478E6000BC6F6F /* PBXTargetDependency */,
			);
			fileSystemSynchronizedGroups = (
				CF576C1C2F478E6000BC6F6F /* Weather App UIKitUITests */,
			);
			name = "Weather App UIKitUITests";
			packageProductDependencies = (
			);
			productName = "Weather App UIKitUITests";
			productReference = CF576C192F478E6000BC6F6F /* Weather App UIKitUITests.xctest */;
			productType = "com.apple.product-type.bundle.ui-testing";
		};
/* End PBXNativeTarget section */

/* Begin PBXProject section */
		CF576BF12F478E5D00BC6F6F /* Project object */ = {
			isa = PBXProject;
			attributes = {
				BuildIndependentTargetsInParallel = 1;
				LastSwiftUpdateCheck = 1640;
				LastUpgradeCheck = 1640;
				TargetAttributes = {
					CF576BF82F478E5D00BC6F6F = {
						CreatedOnToolsVersion = 16.4;
					};
					CF576C0E2F478E6000BC6F6F = {
						CreatedOnToolsVersion = 16.4;
						TestTargetID = CF576BF82F478E5D00BC6F6F;
					};
					CF576C182F478E6000BC6F6F = {
						CreatedOnToolsVersion = 16.4;
						TestTargetID = CF576BF82F478E5D00BC6F6F;
					};
				};
			};
			buildConfigurationList = CF576BF42F478E5D00BC6F6F /* Build configuration list for PBXProject "Weather App UIKit" */;
			developmentRegion = en;
			hasScannedForEncodings = 0;
			knownRegions = (
				en,
				Base,
			);
			mainGroup = CF576BF02F478E5D00BC6F6F;
			minimizedProjectReferenceProxies = 1;
			preferredProjectObjectVersion = 77;
			productRefGroup = CF576BFA2F478E5D00BC6F6F /* Products */;
			projectDirPath = "";
			projectRoot = "";
			targets = (
				CF576BF82F478E5D00BC6F6F /* Weather App UIKit */,
				CF576C0E2F478E6000BC6F6F /* Weather App UIKitTests */,
				CF576C182F478E6000BC6F6F /* Weather App UIKitUITests */,
			);
		};
/* End PBXProject section */

/* Begin PBXResourcesBuildPhase section */
		CF576BF72F478E5D00BC6F6F /* Resources */ = {
			isa = PBXResourcesBuildPhase;
			buildActionMask = 2147483647;
			files = (
			);
			runOnlyForDeploymentPostprocessing = 0;
		};
		CF576C0D2F478E6000BC6F6F /* Resources */ = {
			isa = PBXResourcesBuildPhase;
			buildActionMask = 2147483647;
			files = (
			);
			runOnlyForDeploymentPostprocessing = 0;
		};
		CF576C172F478E6000BC6F6F /* Resources */ = {
			isa = PBXResourcesBuildPhase;
			buildActionMask = 2147483647;
			files = (
			);
			runOnlyForDeploymentPostprocessing = 0;
		};
/* End PBXResourcesBuildPhase section */

/* Begin PBXSourcesBuildPhase section */
		CF576BF52F478E5D00BC6F6F /* Sources */ = {
			isa = PBXSourcesBuildPhase;
			buildActionMask = 2147483647;
			files = (
			);
			runOnlyForDeploymentPostprocessing = 0;
		};
		CF576C0B2F478E6000BC6F6F /* Sources */ = {
			isa = PBXSourcesBuildPhase;
			buildActionMask = 2147483647;
			files = (
			);
			runOnlyForDeploymentPostprocessing = 0;
		};
		CF576C152F478E6000BC6F6F /* Sources */ = {
			isa = PBXSourcesBuildPhase;
			buildActionMask = 2147483647;
			files = (
			);
			runOnlyForDeploymentPostprocessing = 0;
		};
/* End PBXSourcesBuildPhase section */

/* Begin PBXTargetDependency section */
		CF576C112F478E6000BC6F6F /* PBXTargetDependency */ = {
			isa = PBXTargetDependency;
			target = CF576BF82F478E5D00BC6F6F /* Weather App UIKit */;
			targetProxy = CF576C102F478E6000BC6F6F /* PBXContainerItemProxy */;
		};
		CF576C1B2F478E6000BC6F6F /* PBXTargetDependency */ = {
			isa = PBXTargetDependency;
			target = CF576BF82F478E5D00BC6F6F /* Weather App UIKit */;
			targetProxy = CF576C1A2F478E6000BC6F6F /* PBXContainerItemProxy */;
		};
/* End PBXTargetDependency section */

/* Begin XCBuildConfiguration section */
		CF576C232F478E6000BC6F6F /* Debug */ = {
			isa = XCBuildConfiguration;
			buildSettings = {
				ASSETCATALOG_COMPILER_APPICON_NAME = AppIcon;
				ASSETCATALOG_COMPILER_GLOBAL_ACCENT_COLOR_NAME = AccentColor;
				CODE_SIGN_STYLE = Automatic;
				CURRENT_PROJECT_VERSION = 1;
				DEVELOPMENT_TEAM = 3KV28CPK2B;
				GENERATE_INFOPLIST_FILE = YES;
				INFOPLIST_FILE = "Weather App UIKit/Info.plist";
				INFOPLIST_KEY_UIApplicationSupportsIndirectInputEvents = YES;
				INFOPLIST_KEY_UILaunchStoryboardName = LaunchScreen;
				INFOPLIST_KEY_UIMainStoryboardFile = Main;
				INFOPLIST_KEY_UISupportedInterfaceOrientations_iPad = "UIInterfaceOrientationPortrait UIInterfaceOrientationPortraitUpsideDown UIInterfaceOrientationLandscapeLeft UIInterfaceOrientationLandscapeRight";
				INFOPLIST_KEY_UISupportedInterfaceOrientations_iPhone = "UIInterfaceOrientationPortrait UIInterfaceOrientationLandscapeLeft UIInterfaceOrientationLandscapeRight";
				LD_RUNPATH_SEARCH_PATHS = (
					"$(inherited)",
					"@executable_path/Frameworks",
				);
				MARKETING_VERSION = 1.0;
				PRODUCT_BUNDLE_IDENTIFIER = "john0x01.Weather-App-UIKit";
				PRODUCT_NAME = "$(TARGET_NAME)";
				SWIFT_EMIT_LOC_STRINGS = YES;
				SWIFT_VERSION = 5.0;
				TARGETED_DEVICE_FAMILY = "1,2";
			};
			name = Debug;
		};
		CF576C242F478E6000BC6F6F /* Release */ = {
			isa = XCBuildConfiguration;
			buildSettings = {
				ASSETCATALOG_COMPILER_APPICON_NAME = AppIcon;
				ASSETCATALOG_COMPILER_GLOBAL_ACCENT_COLOR_NAME = AccentColor;
				CODE_SIGN_STYLE = Automatic;
				CURRENT_PROJECT_VERSION = 1;
				DEVELOPMENT_TEAM = 3KV28CPK2B;
				GENERATE_INFOPLIST_FILE = YES;
				INFOPLIST_FILE = "Weather App UIKit/Info.plist";
				INFOPLIST_KEY_UIApplicationSupportsIndirectInputEvents = YES;
				INFOPLIST_KEY_UILaunchStoryboardName = LaunchScreen;
				INFOPLIST_KEY_UIMainStoryboardFile = Main;
				INFOPLIST_KEY_UISupportedInterfaceOrientations_iPad = "UIInterfaceOrientationPortrait UIInterfaceOrientationPortraitUpsideDown UIInterfaceOrientationLandscapeLeft UIInterfaceOrientationLandscapeRight";
				INFOPLIST_KEY_UISupportedInterfaceOrientations_iPhone = "UIInterfaceOrientationPortrait UIInterfaceOrientationLandscapeLeft UIInterfaceOrientationLandscapeRight";
				LD_RUNPATH_SEARCH_PATHS = (
					"$(inherited)",
					"@executable_path/Frameworks",
				);
				MARKETING_VERSION = 1.0;
				PRODUCT_BUNDLE_IDENTIFIER = "john0x01.Weather-App-UIKit";
				PRODUCT_NAME = "$(TARGET_NAME)";
				SWIFT_EMIT_LOC_STRINGS = YES;
				SWIFT_VERSION = 5.0;
				TARGETED_DEVICE_FAMILY = "1,2";
			};
			name = Release;
		};
		CF576C252F478E6000BC6F6F /* Debug */ = {
			isa = XCBuildConfiguration;
			buildSettings = {
				ALWAYS_SEARCH_USER_PATHS = NO;
				ASSETCATALOG_COMPILER_GENERATE_SWIFT_ASSET_SYMBOL_EXTENSIONS = YES;
				CLANG_ANALYZER_NONNULL = YES;
				CLANG_ANALYZER_NUMBER_OBJECT_CONVERSION = YES_AGGRESSIVE;
				CLANG_CXX_LANGUAGE_STANDARD = "gnu++20";
				CLANG_ENABLE_MODULES = YES;
				CLANG_ENABLE_OBJC_ARC = YES;
				CLANG_ENABLE_OBJC_WEAK = YES;
				CLANG_WARN_BLOCK_CAPTURE_AUTORELEASING = YES;
				CLANG_WARN_BOOL_CONVERSION = YES;
				CLANG_WARN_COMMA = YES;
				CLANG_WARN_CONSTANT_CONVERSION = YES;
				CLANG_WARN_DEPRECATED_OBJC_IMPLEMENTATIONS = YES;
				CLANG_WARN_DIRECT_OBJC_ISA_USAGE = YES_ERROR;
				CLANG_WARN_DOCUMENTATION_COMMENTS = YES;
				CLANG_WARN_EMPTY_BODY = YES;
				CLANG_WARN_ENUM_CONVERSION = YES;
				CLANG_WARN_INFINITE_RECURSION = YES;
				CLANG_WARN_INT_CONVERSION = YES;
				CLANG_WARN_NON_LITERAL_NULL_CONVERSION = YES;
				CLANG_WARN_OBJC_IMPLICIT_RETAIN_SELF = YES;
				CLANG_WARN_OBJC_LITERAL_CONVERSION = YES;
				CLANG_WARN_OBJC_ROOT_CLASS = YES_ERROR;
				CLANG_WARN_QUOTED_INCLUDE_IN_FRAMEWORK_HEADER = YES;
				CLANG_WARN_RANGE_LOOP_ANALYSIS = YES;
				CLANG_WARN_STRICT_PROTOTYPES = YES;
				CLANG_WARN_SUSPICIOUS_MOVE = YES;
				CLANG_WARN_UNGUARDED_AVAILABILITY = YES_AGGRESSIVE;
				CLANG_WARN_UNREACHABLE_CODE = YES;
				CLANG_WARN__DUPLICATE_METHOD_MATCH = YES;
				COPY_PHASE_STRIP = NO;
				DEBUG_INFORMATION_FORMAT = dwarf;
				DEVELOPMENT_TEAM = 3KV28CPK2B;
				ENABLE_STRICT_OBJC_MSGSEND = YES;
				ENABLE_TESTABILITY = YES;
				ENABLE_USER_SCRIPT_SANDBOXING = YES;
				GCC_C_LANGUAGE_STANDARD = gnu17;
				GCC_DYNAMIC_NO_PIC = NO;
				GCC_NO_COMMON_BLOCKS = YES;
				GCC_OPTIMIZATION_LEVEL = 0;
				GCC_PREPROCESSOR_DEFINITIONS = (
					"DEBUG=1",
					"$(inherited)",
				);
				GCC_WARN_64_TO_32_BIT_CONVERSION = YES;
				GCC_WARN_ABOUT_RETURN_TYPE = YES_ERROR;
				GCC_WARN_UNDECLARED_SELECTOR = YES;
				GCC_WARN_UNINITIALIZED_AUTOS = YES_AGGRESSIVE;
				GCC_WARN_UNUSED_FUNCTION = YES;
				GCC_WARN_UNUSED_VARIABLE = YES;
				IPHONEOS_DEPLOYMENT_TARGET = 18.5;
				LOCALIZATION_PREFERS_STRING_CATALOGS = YES;
				MTL_ENABLE_DEBUG_INFO = INCLUDE_SOURCE;
				MTL_FAST_MATH = YES;
				ONLY_ACTIVE_ARCH = YES;
				SDKROOT = iphoneos;
				SWIFT_ACTIVE_COMPILATION_CONDITIONS = "DEBUG $(inherited)";
				SWIFT_OPTIMIZATION_LEVEL = "-Onone";
			};
			name = Debug;
		};
		CF576C262F478E6000BC6F6F /* Release */ = {
			isa = XCBuildConfiguration;
			buildSettings = {
				ALWAYS_SEARCH_USER_PATHS = NO;
				ASSETCATALOG_COMPILER_GENERATE_SWIFT_ASSET_SYMBOL_EXTENSIONS = YES;
				CLANG_ANALYZER_NONNULL = YES;
				CLANG_ANALYZER_NUMBER_OBJECT_CONVERSION = YES_AGGRESSIVE;
				CLANG_CXX_LANGUAGE_STANDARD = "gnu++20";
				CLANG_ENABLE_MODULES = YES;
				CLANG_ENABLE_OBJC_ARC = YES;
				CLANG_ENABLE_OBJC_WEAK = YES;
				CLANG_WARN_BLOCK_CAPTURE_AUTORELEASING = YES;
				CLANG_WARN_BOOL_CONVERSION = YES;
				CLANG_WARN_COMMA = YES;
				CLANG_WARN_CONSTANT_CONVERSION = YES;
				CLANG_WARN_DEPRECATED_OBJC_IMPLEMENTATIONS = YES;
				CLANG_WARN_DIRECT_OBJC_ISA_USAGE = YES_ERROR;
				CLANG_WARN_DOCUMENTATION_COMMENTS = YES;
				CLANG_WARN_EMPTY_BODY = YES;
				CLANG_WARN_ENUM_CONVERSION = YES;
				CLANG_WARN_INFINITE_RECURSION = YES;
				CLANG_WARN_INT_CONVERSION = YES;
				CLANG_WARN_NON_LITERAL_NULL_CONVERSION = YES;
				CLANG_WARN_OBJC_IMPLICIT_RETAIN_SELF = YES;
				CLANG_WARN_OBJC_LITERAL_CONVERSION = YES;
				CLANG_WARN_OBJC_ROOT_CLASS = YES_ERROR;
				CLANG_WARN_QUOTED_INCLUDE_IN_FRAMEWORK_HEADER = YES;
				CLANG_WARN_RANGE_LOOP_ANALYSIS = YES;
				CLANG_WARN_STRICT_PROTOTYPES = YES;
				CLANG_WARN_SUSPICIOUS_MOVE = YES;
				CLANG_WARN_UNGUARDED_AVAILABILITY = YES_AGGRESSIVE;
				CLANG_WARN_UNREACHABLE_CODE = YES;
				CLANG_WARN__DUPLICATE_METHOD_MATCH = YES;
				COPY_PHASE_STRIP = NO;
				DEBUG_INFORMATION_FORMAT = "dwarf-with-dsym";
				DEVELOPMENT_TEAM = 3KV28CPK2B;
				ENABLE_NS_ASSERTIONS = NO;
				ENABLE_STRICT_OBJC_MSGSEND = YES;
				ENABLE_USER_SCRIPT_SANDBOXING = YES;
				GCC_C_LANGUAGE_STANDARD = gnu17;
				GCC_NO_COMMON_BLOCKS = YES;
				GCC_WARN_64_TO_32_BIT_CONVERSION = YES;
				GCC_WARN_ABOUT_RETURN_TYPE = YES_ERROR;
				GCC_WARN_UNDECLARED_SELECTOR = YES;
				GCC_WARN_UNINITIALIZED_AUTOS = YES_AGGRESSIVE;
				GCC_WARN_UNUSED_FUNCTION = YES;
				GCC_WARN_UNUSED_VARIABLE = YES;
				IPHONEOS_DEPLOYMENT_TARGET = 18.5;
				LOCALIZATION_PREFERS_STRING_CATALOGS = YES;
				MTL_ENABLE_DEBUG_INFO = NO;
				MTL_FAST_MATH = YES;
				SDKROOT = iphoneos;
				SWIFT_COMPILATION_MODE = wholemodule;
				VALIDATE_PRODUCT = YES;
			};
			name = Release;
		};
		CF576C282F478E6000BC6F6F /* Debug */ = {
			isa = XCBuildConfiguration;
			buildSettings = {
				BUNDLE_LOADER = "$(TEST_HOST)";
				CODE_SIGN_STYLE = Automatic;
				CURRENT_PROJECT_VERSION = 1;
				DEVELOPMENT_TEAM = 3KV28CPK2B;
				GENERATE_INFOPLIST_FILE = YES;
				IPHONEOS_DEPLOYMENT_TARGET = 18.5;
				MARKETING_VERSION = 1.0;
				PRODUCT_BUNDLE_IDENTIFIER = "john0x01.Weather-App-UIKitTests";
				PRODUCT_NAME = "$(TARGET_NAME)";
				SWIFT_EMIT_LOC_STRINGS = NO;
				SWIFT_VERSION = 5.0;
				TARGETED_DEVICE_FAMILY = "1,2";
				TEST_HOST = "$(BUILT_PRODUCTS_DIR)/Weather App UIKit.app/$(BUNDLE_EXECUTABLE_FOLDER_PATH)/Weather App UIKit";
			};
			name = Debug;
		};
		CF576C292F478E6000BC6F6F /* Release */ = {
			isa = XCBuildConfiguration;
			buildSettings = {
				BUNDLE_LOADER = "$(TEST_HOST)";
				CODE_SIGN_STYLE = Automatic;
				CURRENT_PROJECT_VERSION = 1;
				DEVELOPMENT_TEAM = 3KV28CPK2B;
				GENERATE_INFOPLIST_FILE = YES;
				IPHONEOS_DEPLOYMENT_TARGET = 18.5;
				MARKETING_VERSION = 1.0;
				PRODUCT_BUNDLE_IDENTIFIER = "john0x01.Weather-App-UIKitTests";
				PRODUCT_NAME = "$(TARGET_NAME)";
				SWIFT_EMIT_LOC_STRINGS = NO;
				SWIFT_VERSION = 5.0;
				TARGETED_DEVICE_FAMILY = "1,2";
				TEST_HOST = "$(BUILT_PRODUCTS_DIR)/Weather App UIKit.app/$(BUNDLE_EXECUTABLE_FOLDER_PATH)/Weather App UIKit";
			};
			name = Release;
		};
		CF576C2B2F478E6000BC6F6F /* Debug */ = {
			isa = XCBuildConfiguration;
			buildSettings = {
				CODE_SIGN_STYLE = Automatic;
				CURRENT_PROJECT_VERSION = 1;
				DEVELOPMENT_TEAM = 3KV28CPK2B;
				GENERATE_INFOPLIST_FILE = YES;
				MARKETING_VERSION = 1.0;
				PRODUCT_BUNDLE_IDENTIFIER = "john0x01.Weather-App-UIKitUITests";
				PRODUCT_NAME = "$(TARGET_NAME)";
				SWIFT_EMIT_LOC_STRINGS = NO;
				SWIFT_VERSION = 5.0;
				TARGETED_DEVICE_FAMILY = "1,2";
				TEST_TARGET_NAME = "Weather App UIKit";
			};
			name = Debug;
		};
		CF576C2C2F478E6000BC6F6F /* Release */ = {
			isa = XCBuildConfiguration;
			buildSettings = {
				CODE_SIGN_STYLE = Automatic;
				CURRENT_PROJECT_VERSION = 1;
				DEVELOPMENT_TEAM = 3KV28CPK2B;
				GENERATE_INFOPLIST_FILE = YES;
				MARKETING_VERSION = 1.0;
				PRODUCT_BUNDLE_IDENTIFIER = "john0x01.Weather-App-UIKitUITests";
				PRODUCT_NAME = "$(TARGET_NAME)";
				SWIFT_EMIT_LOC_STRINGS = NO;
				SWIFT_VERSION = 5.0;
				TARGETED_DEVICE_FAMILY = "1,2";
				TEST_TARGET_NAME = "Weather App UIKit";
			};
			name = Release;
		};
/* End XCBuildConfiguration section */

/* Begin XCConfigurationList section */
		CF576BF42F478E5D00BC6F6F /* Build configuration list for PBXProject "Weather App UIKit" */ = {
			isa = XCConfigurationList;
			buildConfigurations = (
				CF576C252F478E6000BC6F6F /* Debug */,
				CF576C262F478E6000BC6F6F /* Release */,
			);
			defaultConfigurationIsVisible = 0;
			defaultConfigurationName = Release;
		};
		CF576C222F478E6000BC6F6F /* Build configuration list for PBXNativeTarget "Weather App UIKit" */ = {
			isa = XCConfigurationList;
			buildConfigurations = (
				CF576C232F478E6000BC6F6F /* Debug */,
				CF576C242F478E6000BC6F6F /* Release */,
			);
			defaultConfigurationIsVisible = 0;
			defaultConfigurationName = Release;
		};
		CF576C272F478E6000BC6F6F /* Build configuration list for PBXNativeTarget "Weather App UIKitTests" */ = {
			isa = XCConfigurationList;
			buildConfigurations = (
				CF576C282F478E6000BC6F6F /* Debug */,
				CF576C292F478E6000BC6F6F /* Release */,
			);
			defaultConfigurationIsVisible = 0;
			defaultConfigurationName = Release;
		};
		CF576C2A2F478E6000BC6F6F /* Build configuration list for PBXNativeTarget "Weather App UIKitUITests" */ = {
			isa = XCConfigurationList;
			buildConfigurations = (
				CF576C2B2F478E6000BC6F6F /* Debug */,
				CF576C2C2F478E6000BC6F6F /* Release */,
			);
			defaultConfigurationIsVisible = 0;
			defaultConfigurationName = Release;
		};
/* End XCConfigurationList section */
	};
	rootObject = CF576BF12F478E5D00BC6F6F /* Project object */;
}
